
Microsoft Visual Studio Solution File, Format Version 12.00
# Visual Studio Version 17
VisualStudioVersion = 17.6.33712.159
MinimumVisualStudioVersion = 10.0.40219.1
Project("{FAE04EC0-301F-11D3-BF4B-00C04F79EFBC}") = "asp_core_mvc_2207B2", "asp_core_mvc_2207B2\asp_core_mvc_2207B2.csproj", "{D1F38E70-86F4-4028-9E8F-D9B47987D92F}"
EndProject
Global
	GlobalSection(SolutionConfigurationPlatforms) = preSolution
		Debug|Any CPU = Debug|Any CPU
		Release|Any CPU = Release|Any CPU
	EndGlobalSection
	GlobalSection(ProjectConfigurationPlatforms) = postSolution
		{D1F38E70-86F4-4028-9E8F-D9B47987D92F}.Debug|Any CPU.ActiveCfg = Debug|Any CPU
		{D1F38E70-86F4-4028-9E8F-D9B47987D92F}.Debug|Any CPU.Build.0 = Debug|Any CPU
		{D1F38E70-86F4-4028-9E8F-D9B47987D92F}.Release|Any CPU.ActiveCfg = Release|Any CPU
		{D1F38E70-86F4-4028-9E8F-D9B47987D92F}.Release|Any CPU.Build.0 = Release|Any CPU
	EndGlobalSection
	GlobalSection(SolutionProperties) = preSolution
		HideSolutionNode = FALSE
	EndGlobalSection
	GlobalSection(ExtensibilityGlobals) = postSolution
		SolutionGuid = {8645A5F7-0A91-47F4-A10B-E9134C26051F}
	EndGlobalSection
EndGlobal
