
Microsoft Visual Studio Solution File, Format Version 12.00
# Visual Studio Version 17
VisualStudioVersion = 17.6.33712.159
MinimumVisualStudioVersion = 10.0.40219.1
Project("{FAE04EC0-301F-11D3-BF4B-00C04F79EFBC}") = "ListBox", "ListBox\ListBox.csproj", "{4CEF28F7-3CBF-4583-AECD-1066FEA21C25}"
EndProject
Global
	GlobalSection(SolutionConfigurationPlatforms) = preSolution
		Debug|Any CPU = Debug|Any CPU
		Release|Any CPU = Release|Any CPU
	EndGlobalSection
	GlobalSection(ProjectConfigurationPlatforms) = postSolution
		{4CEF28F7-3CBF-4583-AECD-1066FEA21C25}.Debug|Any CPU.ActiveCfg = Debug|Any CPU
		{4CEF28F7-3CBF-4583-AECD-1066FEA21C25}.Debug|Any CPU.Build.0 = Debug|Any CPU
		{4CEF28F7-3CBF-4583-AECD-1066FEA21C25}.Release|Any CPU.ActiveCfg = Release|Any CPU
		{4CEF28F7-3CBF-4583-AECD-1066FEA21C25}.Release|Any CPU.Build.0 = Release|Any CPU
	EndGlobalSection
	GlobalSection(SolutionProperties) = preSolution
		HideSolutionNode = FALSE
	EndGlobalSection
	GlobalSection(ExtensibilityGlobals) = postSolution
		SolutionGuid = {A181A582-BEFA-42FC-AF9C-66E8B8BDFDB5}
	EndGlobalSection
EndGlobal
