
Microsoft Visual Studio Solution File, Format Version 12.00
# Visual Studio Version 17
VisualStudioVersion = 17.6.33712.159
MinimumVisualStudioVersion = 10.0.40219.1
Project("{FAE04EC0-301F-11D3-BF4B-00C04F79EFBC}") = "Crud_WindowsFormsApp4", "Crud_WindowsFormsApp4\Crud_WindowsFormsApp4.csproj", "{7F645DDA-50C3-4E30-9677-9D2D94E1A20B}"
EndProject
Global
	GlobalSection(SolutionConfigurationPlatforms) = preSolution
		Debug|Any CPU = Debug|Any CPU
		Release|Any CPU = Release|Any CPU
	EndGlobalSection
	GlobalSection(ProjectConfigurationPlatforms) = postSolution
		{7F645DDA-50C3-4E30-9677-9D2D94E1A20B}.Debug|Any CPU.ActiveCfg = Debug|Any CPU
		{7F645DDA-50C3-4E30-9677-9D2D94E1A20B}.Debug|Any CPU.Build.0 = Debug|Any CPU
		{7F645DDA-50C3-4E30-9677-9D2D94E1A20B}.Release|Any CPU.ActiveCfg = Release|Any CPU
		{7F645DDA-50C3-4E30-9677-9D2D94E1A20B}.Release|Any CPU.Build.0 = Release|Any CPU
	EndGlobalSection
	GlobalSection(SolutionProperties) = preSolution
		HideSolutionNode = FALSE
	EndGlobalSection
	GlobalSection(ExtensibilityGlobals) = postSolution
		SolutionGuid = {0F4C5B76-8489-414A-BA7C-A66B7C88F303}
	EndGlobalSection
EndGlobal
