
Microsoft Visual Studio Solution File, Format Version 12.00
# Visual Studio Version 17
VisualStudioVersion = 17.6.33712.159
MinimumVisualStudioVersion = 10.0.40219.1
Project("{FAE04EC0-301F-11D3-BF4B-00C04F79EFBC}") = "WinFormsApp2", "WinFormsApp2\WinFormsApp2.csproj", "{287925D4-3A36-4912-B01F-7C9C6B7E32AA}"
EndProject
Global
	GlobalSection(SolutionConfigurationPlatforms) = preSolution
		Debug|Any CPU = Debug|Any CPU
		Release|Any CPU = Release|Any CPU
	EndGlobalSection
	GlobalSection(ProjectConfigurationPlatforms) = postSolution
		{287925D4-3A36-4912-B01F-7C9C6B7E32AA}.Debug|Any CPU.ActiveCfg = Debug|Any CPU
		{287925D4-3A36-4912-B01F-7C9C6B7E32AA}.Debug|Any CPU.Build.0 = Debug|Any CPU
		{287925D4-3A36-4912-B01F-7C9C6B7E32AA}.Release|Any CPU.ActiveCfg = Release|Any CPU
		{287925D4-3A36-4912-B01F-7C9C6B7E32AA}.Release|Any CPU.Build.0 = Release|Any CPU
	EndGlobalSection
	GlobalSection(SolutionProperties) = preSolution
		HideSolutionNode = FALSE
	EndGlobalSection
	GlobalSection(ExtensibilityGlobals) = postSolution
		SolutionGuid = {823C2F45-F973-413A-9A9F-68FF117FD2B0}
	EndGlobalSection
EndGlobal
