
Microsoft Visual Studio Solution File, Format Version 12.00
# Visual Studio Version 17
VisualStudioVersion = 17.6.33712.159
MinimumVisualStudioVersion = 10.0.40219.1
Project("{FAE04EC0-301F-11D3-BF4B-00C04F79EFBC}") = "FirstConsoleApp1", "FirstConsoleApp1\FirstConsoleApp1.csproj", "{9321A5F7-517B-4FAF-B440-BC740E08E367}"
EndProject
Global
	GlobalSection(SolutionConfigurationPlatforms) = preSolution
		Debug|Any CPU = Debug|Any CPU
		Release|Any CPU = Release|Any CPU
	EndGlobalSection
	GlobalSection(ProjectConfigurationPlatforms) = postSolution
		{9321A5F7-517B-4FAF-B440-BC740E08E367}.Debug|Any CPU.ActiveCfg = Debug|Any CPU
		{9321A5F7-517B-4FAF-B440-BC740E08E367}.Debug|Any CPU.Build.0 = Debug|Any CPU
		{9321A5F7-517B-4FAF-B440-BC740E08E367}.Release|Any CPU.ActiveCfg = Release|Any CPU
		{9321A5F7-517B-4FAF-B440-BC740E08E367}.Release|Any CPU.Build.0 = Release|Any CPU
	EndGlobalSection
	GlobalSection(SolutionProperties) = preSolution
		HideSolutionNode = FALSE
	EndGlobalSection
	GlobalSection(ExtensibilityGlobals) = postSolution
		SolutionGuid = {063FA225-11D1-4808-8C08-EC9B51D7D528}
	EndGlobalSection
EndGlobal
