
Microsoft Visual Studio Solution File, Format Version 12.00
# Visual Studio Version 17
VisualStudioVersion = 17.6.33712.159
MinimumVisualStudioVersion = 10.0.40219.1
Project("{FAE04EC0-301F-11D3-BF4B-00C04F79EFBC}") = "WebApplication5", "WebApplication5\WebApplication5.csproj", "{41BCD773-D645-4AAF-9DB7-E791A1364185}"
EndProject
Global
	GlobalSection(SolutionConfigurationPlatforms) = preSolution
		Debug|Any CPU = Debug|Any CPU
		Release|Any CPU = Release|Any CPU
	EndGlobalSection
	GlobalSection(ProjectConfigurationPlatforms) = postSolution
		{41BCD773-D645-4AAF-9DB7-E791A1364185}.Debug|Any CPU.ActiveCfg = Debug|Any CPU
		{41BCD773-D645-4AAF-9DB7-E791A1364185}.Debug|Any CPU.Build.0 = Debug|Any CPU
		{41BCD773-D645-4AAF-9DB7-E791A1364185}.Release|Any CPU.ActiveCfg = Release|Any CPU
		{41BCD773-D645-4AAF-9DB7-E791A1364185}.Release|Any CPU.Build.0 = Release|Any CPU
	EndGlobalSection
	GlobalSection(SolutionProperties) = preSolution
		HideSolutionNode = FALSE
	EndGlobalSection
	GlobalSection(ExtensibilityGlobals) = postSolution
		SolutionGuid = {57F4FAE6-3BF1-4852-89F9-CC9E4E84D59F}
	EndGlobalSection
EndGlobal
